
Microsoft Visual Studio Solution File, Format Version 12.00
# Visual Studio 15
VisualStudioVersion = 15.0.27130.2010
MinimumVisualStudioVersion = 10.0.40219.1
Project("{FAE04EC0-301F-11D3-BF4B-00C04F79EFBC}") = "Aspmvcore", "Aspmvcore\Aspmvcore.csproj", "{EEC3D1FC-F71A-4FB4-8E91-BDAF733E3FAA}"
EndProject
Project("{FAE04EC0-301F-11D3-BF4B-00C04F79EFBC}") = "UnitTest", "UnitTest\UnitTest.csproj", "{52F710E6-6A68-4407-938B-CDEC5741BE06}"
EndProject
Global
	GlobalSection(SolutionConfigurationPlatforms) = preSolution
		Debug|Any CPU = Debug|Any CPU
		Release|Any CPU = Release|Any CPU
	EndGlobalSection
	GlobalSection(ProjectConfigurationPlatforms) = postSolution
		{EEC3D1FC-F71A-4FB4-8E91-BDAF733E3FAA}.Debug|Any CPU.ActiveCfg = Debug|Any CPU
		{EEC3D1FC-F71A-4FB4-8E91-BDAF733E3FAA}.Debug|Any CPU.Build.0 = Debug|Any CPU
		{EEC3D1FC-F71A-4FB4-8E91-BDAF733E3FAA}.Release|Any CPU.ActiveCfg = Release|Any CPU
		{EEC3D1FC-F71A-4FB4-8E91-BDAF733E3FAA}.Release|Any CPU.Build.0 = Release|Any CPU
		{52F710E6-6A68-4407-938B-CDEC5741BE06}.Debug|Any CPU.ActiveCfg = Debug|Any CPU
		{52F710E6-6A68-4407-938B-CDEC5741BE06}.Debug|Any CPU.Build.0 = Debug|Any CPU
		{52F710E6-6A68-4407-938B-CDEC5741BE06}.Release|Any CPU.ActiveCfg = Release|Any CPU
		{52F710E6-6A68-4407-938B-CDEC5741BE06}.Release|Any CPU.Build.0 = Release|Any CPU
	EndGlobalSection
	GlobalSection(SolutionProperties) = preSolution
		HideSolutionNode = FALSE
	EndGlobalSection
	GlobalSection(ExtensibilityGlobals) = postSolution
		SolutionGuid = {AE62E404-DF17-499B-B4A4-3F4C24D25F4B}
	EndGlobalSection
EndGlobal
